
Microsoft Visual Studio Solution File, Format Version 12.00
# Visual Studio 15
VisualStudioVersion = 15.0.28307.489
MinimumVisualStudioVersion = 10.0.40219.1
Project("{FAE04EC0-301F-11D3-BF4B-00C04F79EFBC}") = "view", "view\view.csproj", "{1A6F483A-AB36-4408-921D-7FA60810033D}"
EndProject
Project("{FAE04EC0-301F-11D3-BF4B-00C04F79EFBC}") = "BusinessLogic", "BusinessLogic\BusinessLogic.csproj", "{FFD13C7D-A55E-49CD-A7D1-FC3E6A95B14A}"
EndProject
Global
	GlobalSection(SolutionConfigurationPlatforms) = preSolution
		Debug|Any CPU = Debug|Any CPU
		Release|Any CPU = Release|Any CPU
	EndGlobalSection
	GlobalSection(ProjectConfigurationPlatforms) = postSolution
		{1A6F483A-AB36-4408-921D-7FA60810033D}.Debug|Any CPU.ActiveCfg = Debug|Any CPU
		{1A6F483A-AB36-4408-921D-7FA60810033D}.Debug|Any CPU.Build.0 = Debug|Any CPU
		{1A6F483A-AB36-4408-921D-7FA60810033D}.Release|Any CPU.ActiveCfg = Release|Any CPU
		{1A6F483A-AB36-4408-921D-7FA60810033D}.Release|Any CPU.Build.0 = Release|Any CPU
		{FFD13C7D-A55E-49CD-A7D1-FC3E6A95B14A}.Debug|Any CPU.ActiveCfg = Debug|Any CPU
		{FFD13C7D-A55E-49CD-A7D1-FC3E6A95B14A}.Debug|Any CPU.Build.0 = Debug|Any CPU
		{FFD13C7D-A55E-49CD-A7D1-FC3E6A95B14A}.Release|Any CPU.ActiveCfg = Release|Any CPU
		{FFD13C7D-A55E-49CD-A7D1-FC3E6A95B14A}.Release|Any CPU.Build.0 = Release|Any CPU
	EndGlobalSection
	GlobalSection(SolutionProperties) = preSolution
		HideSolutionNode = FALSE
	EndGlobalSection
	GlobalSection(ExtensibilityGlobals) = postSolution
		SolutionGuid = {BA62473E-648D-47D3-95AA-1AAD497A8226}
	EndGlobalSection
EndGlobal
